
Microsoft Visual Studio Solution File, Format Version 12.00
# Visual Studio Version 17
VisualStudioVersion = 17.8.34511.84
MinimumVisualStudioVersion = 10.0.40219.1
Project("{FAE04EC0-301F-11D3-BF4B-00C04F79EFBC}") = "WpfApp1", "WpfApp1\WpfApp1.csproj", "{D287FA50-8B5C-4FC3-81C9-299C2481445E}"
EndProject
Global
	GlobalSection(SolutionConfigurationPlatforms) = preSolution
		Debug|Any CPU = Debug|Any CPU
		Release|Any CPU = Release|Any CPU
	EndGlobalSection
	GlobalSection(ProjectConfigurationPlatforms) = postSolution
		{D287FA50-8B5C-4FC3-81C9-299C2481445E}.Debug|Any CPU.ActiveCfg = Debug|Any CPU
		{D287FA50-8B5C-4FC3-81C9-299C2481445E}.Debug|Any CPU.Build.0 = Debug|Any CPU
		{D287FA50-8B5C-4FC3-81C9-299C2481445E}.Release|Any CPU.ActiveCfg = Release|Any CPU
		{D287FA50-8B5C-4FC3-81C9-299C2481445E}.Release|Any CPU.Build.0 = Release|Any CPU
	EndGlobalSection
	GlobalSection(SolutionProperties) = preSolution
		HideSolutionNode = FALSE
	EndGlobalSection
	GlobalSection(ExtensibilityGlobals) = postSolution
		SolutionGuid = {AFC6E190-8AA4-4351-8ABC-F4AACA465CA2}
	EndGlobalSection
EndGlobal
